// !$*UTF8*$!
{
	archiveVersion = 1;
	classes = {
	};
	objectVersion = 51;
	objects = {

/* Begin PBXBuildFile section */
		8E5003833387A3FFDF891F6E /* Pods_CountryFlags.framework in Frameworks */ = {isa = PBXBuildFile; fileRef = C08D133DE4F4A389542A8243 /* Pods_CountryFlags.framework */; };
		B96ECB7426D4E1D000AD85C5 /* FavoriteViewController.swift in Sources */ = {isa = PBXBuildFile; fileRef = B96ECB7326D4E1D000AD85C5 /* FavoriteViewController.swift */; };
		B96ECB7626D4E20900AD85C5 /* Country.swift in Sources */ = {isa = PBXBuildFile; fileRef = B96ECB7526D4E20900AD85C5 /* Country.swift */; };
		B96ECB7826D4E22200AD85C5 /* Service.swift in Sources */ = {isa = PBXBuildFile; fileRef = B96ECB7726D4E22200AD85C5 /* Service.swift */; };
		B96ECB7A26D4E23900AD85C5 /* Constant.swift in Sources */ = {isa = PBXBuildFile; fileRef = B96ECB7926D4E23900AD85C5 /* Constant.swift */; };
		B96ECB7E26D4E3BC00AD85C5 /* SearchTableViewCell.swift in Sources */ = {isa = PBXBuildFile; fileRef = B96ECB7C26D4E3BC00AD85C5 /* SearchTableViewCell.swift */; };
		B96ECB7F26D4E3BC00AD85C5 /* SearchTableViewCell.xib in Resources */ = {isa = PBXBuildFile; fileRef = B96ECB7D26D4E3BC00AD85C5 /* SearchTableViewCell.xib */; };
		B96ECB8126D4FFB000AD85C5 /* DetailViewController.swift in Sources */ = {isa = PBXBuildFile; fileRef = B96ECB8026D4FFB000AD85C5 /* DetailViewController.swift */; };
		B98DCC0226D50D85007EE79F /* HomeViewController.swift in Sources */ = {isa = PBXBuildFile; fileRef = B98DCC0126D50D85007EE79F /* HomeViewController.swift */; };
		B98DCC0526D50DE2007EE79F /* HomeCollectionViewCell.swift in Sources */ = {isa = PBXBuildFile; fileRef = B98DCC0326D50DE2007EE79F /* HomeCollectionViewCell.swift */; };
		B98DCC0626D50DE2007EE79F /* HomeCollectionViewCell.xib in Resources */ = {isa = PBXBuildFile; fileRef = B98DCC0426D50DE2007EE79F /* HomeCollectionViewCell.xib */; };
		B9D1E50B26D4DD72000D35D7 /* AppDelegate.swift in Sources */ = {isa = PBXBuildFile; fileRef = B9D1E50A26D4DD72000D35D7 /* AppDelegate.swift */; };
		B9D1E50D26D4DD72000D35D7 /* SceneDelegate.swift in Sources */ = {isa = PBXBuildFile; fileRef = B9D1E50C26D4DD72000D35D7 /* SceneDelegate.swift */; };
		B9D1E50F26D4DD72000D35D7 /* SearchViewController.swift in Sources */ = {isa = PBXBuildFile; fileRef = B9D1E50E26D4DD72000D35D7 /* SearchViewController.swift */; };
		B9D1E51226D4DD72000D35D7 /* Main.storyboard in Resources */ = {isa = PBXBuildFile; fileRef = B9D1E51026D4DD72000D35D7 /* Main.storyboard */; };
		B9D1E51426D4DD75000D35D7 /* Assets.xcassets in Resources */ = {isa = PBXBuildFile; fileRef = B9D1E51326D4DD75000D35D7 /* Assets.xcassets */; };
		B9D1E51726D4DD75000D35D7 /* LaunchScreen.storyboard in Resources */ = {isa = PBXBuildFile; fileRef = B9D1E51526D4DD75000D35D7 /* LaunchScreen.storyboard */; };
/* End PBXBuildFile section */

/* Begin PBXFileReference section */
		2BEE0E831488BF2EB3839680 /* Pods-CountryFlags.release.xcconfig */ = {isa = PBXFileReference; includeInIndex = 1; lastKnownFileType = text.xcconfig; name = "Pods-CountryFlags.release.xcconfig"; path = "Target Support Files/Pods-CountryFlags/Pods-CountryFlags.release.xcconfig"; sourceTree = "<group>"; };
		4D8D1E4DBCCA0A14F86547ED /* Pods-CountryFlags.debug.xcconfig */ = {isa = PBXFileReference; includeInIndex = 1; lastKnownFileType = text.xcconfig; name = "Pods-CountryFlags.debug.xcconfig"; path = "Target Support Files/Pods-CountryFlags/Pods-CountryFlags.debug.xcconfig"; sourceTree = "<group>"; };
		B96ECB7326D4E1D000AD85C5 /* FavoriteViewController.swift */ = {isa = PBXFileReference; lastKnownFileType = sourcecode.swift; path = FavoriteViewController.swift; sourceTree = "<group>"; };
		B96ECB7526D4E20900AD85C5 /* Country.swift */ = {isa = PBXFileReference; lastKnownFileType = sourcecode.swift; path = Country.swift; sourceTree = "<group>"; };
		B96ECB7726D4E22200AD85C5 /* Service.swift */ = {isa = PBXFileReference; lastKnownFileType = sourcecode.swift; path = Service.swift; sourceTree = "<group>"; };
		B96ECB7926D4E23900AD85C5 /* Constant.swift */ = {isa = PBXFileReference; lastKnownFileType = sourcecode.swift; path = Constant.swift; sourceTree = "<group>"; };
		B96ECB7C26D4E3BC00AD85C5 /* SearchTableViewCell.swift */ = {isa = PBXFileReference; lastKnownFileType = sourcecode.swift; path = SearchTableViewCell.swift; sourceTree = "<group>"; };
		B96ECB7D26D4E3BC00AD85C5 /* SearchTableViewCell.xib */ = {isa = PBXFileReference; lastKnownFileType = file.xib; path = SearchTableViewCell.xib; sourceTree = "<group>"; };
		B96ECB8026D4FFB000AD85C5 /* DetailViewController.swift */ = {isa = PBXFileReference; lastKnownFileType = sourcecode.swift; path = DetailViewController.swift; sourceTree = "<group>"; };
		B98DCC0126D50D85007EE79F /* HomeViewController.swift */ = {isa = PBXFileReference; lastKnownFileType = sourcecode.swift; path = HomeViewController.swift; sourceTree = "<group>"; };
		B98DCC0326D50DE2007EE79F /* HomeCollectionViewCell.swift */ = {isa = PBXFileReference; lastKnownFileType = sourcecode.swift; path = HomeCollectionViewCell.swift; sourceTree = "<group>"; };
		B98DCC0426D50DE2007EE79F /* HomeCollectionViewCell.xib */ = {isa = PBXFileReference; lastKnownFileType = file.xib; path = HomeCollectionViewCell.xib; sourceTree = "<group>"; };
		B9D1E50726D4DD72000D35D7 /* CountryFlags.app */ = {isa = PBXFileReference; explicitFileType = wrapper.application; includeInIndex = 0; path = CountryFlags.app; sourceTree = BUILT_PRODUCTS_DIR; };
		B9D1E50A26D4DD72000D35D7 /* AppDelegate.swift */ = {isa = PBXFileReference; lastKnownFileType = sourcecode.swift; path = AppDelegate.swift; sourceTree = "<group>"; };
		B9D1E50C26D4DD72000D35D7 /* SceneDelegate.swift */ = {isa = PBXFileReference; lastKnownFileType = sourcecode.swift; path = SceneDelegate.swift; sourceTree = "<group>"; };
		B9D1E50E26D4DD72000D35D7 /* SearchViewController.swift */ = {isa = PBXFileReference; lastKnownFileType = sourcecode.swift; path = SearchViewController.swift; sourceTree = "<group>"; };
		B9D1E51126D4DD72000D35D7 /* Base */ = {isa = PBXFileReference; lastKnownFileType = file.storyboard; name = Base; path = Base.lproj/Main.storyboard; sourceTree = "<group>"; };
		B9D1E51326D4DD75000D35D7 /* Assets.xcassets */ = {isa = PBXFileReference; lastKnownFileType = folder.assetcatalog; path = Assets.xcassets; sourceTree = "<group>"; };
		B9D1E51626D4DD75000D35D7 /* Base */ = {isa = PBXFileReference; lastKnownFileType = file.storyboard; name = Base; path = Base.lproj/LaunchScreen.storyboard; sourceTree = "<group>"; };
		B9D1E51826D4DD75000D35D7 /* Info.plist */ = {isa = PBXFileReference; lastKnownFileType = text.plist.xml; path = Info.plist; sourceTree = "<group>"; };
		C08D133DE4F4A389542A8243 /* Pods_CountryFlags.framework */ = {isa = PBXFileReference; explicitFileType = wrapper.framework; includeInIndex = 0; path = Pods_CountryFlags.framework; sourceTree = BUILT_PRODUCTS_DIR; };
/* End PBXFileReference section */

/* Begin PBXFrameworksBuildPhase section */
		B9D1E50426D4DD72000D35D7 /* Frameworks */ = {
			isa = PBXFrameworksBuildPhase;
			buildActionMask = 2147483647;
			files = (
				8E5003833387A3FFDF891F6E /* Pods_CountryFlags.framework in Frameworks */,
			);
			runOnlyForDeploymentPostprocessing = 0;
		};
/* End PBXFrameworksBuildPhase section */

/* Begin PBXGroup section */
		1CBCE88A5C3C2F23E7D31DB7 /* Frameworks */ = {
			isa = PBXGroup;
			children = (
				C08D133DE4F4A389542A8243 /* Pods_CountryFlags.framework */,
			);
			name = Frameworks;
			sourceTree = "<group>";
		};
		6F103FB672A0B935D3D73C00 /* Pods */ = {
			isa = PBXGroup;
			children = (
				4D8D1E4DBCCA0A14F86547ED /* Pods-CountryFlags.debug.xcconfig */,
				2BEE0E831488BF2EB3839680 /* Pods-CountryFlags.release.xcconfig */,
			);
			path = Pods;
			sourceTree = "<group>";
		};
		B96ECB6E26D4E06500AD85C5 /* Model */ = {
			isa = PBXGroup;
			children = (
				B96ECB7526D4E20900AD85C5 /* Country.swift */,
			);
			path = Model;
			sourceTree = "<group>";
		};
		B96ECB7026D4E07100AD85C5 /* Controller */ = {
			isa = PBXGroup;
			children = (
				B98DCC0126D50D85007EE79F /* HomeViewController.swift */,
				B9D1E50E26D4DD72000D35D7 /* SearchViewController.swift */,
				B96ECB7326D4E1D000AD85C5 /* FavoriteViewController.swift */,
				B96ECB8026D4FFB000AD85C5 /* DetailViewController.swift */,
			);
			path = Controller;
			sourceTree = "<group>";
		};
		B96ECB7126D4E07800AD85C5 /* Views */ = {
			isa = PBXGroup;
			children = (
				B96ECB7B26D4E25800AD85C5 /* Cells */,
			);
			path = Views;
			sourceTree = "<group>";
		};
		B96ECB7226D4E07F00AD85C5 /* Utils */ = {
			isa = PBXGroup;
			children = (
				B96ECB7726D4E22200AD85C5 /* Service.swift */,
				B96ECB7926D4E23900AD85C5 /* Constant.swift */,
			);
			path = Utils;
			sourceTree = "<group>";
		};
		B96ECB7B26D4E25800AD85C5 /* Cells */ = {
			isa = PBXGroup;
			children = (
				B96ECB7C26D4E3BC00AD85C5 /* SearchTableViewCell.swift */,
				B96ECB7D26D4E3BC00AD85C5 /* SearchTableViewCell.xib */,
				B98DCC0326D50DE2007EE79F /* HomeCollectionViewCell.swift */,
				B98DCC0426D50DE2007EE79F /* HomeCollectionViewCell.xib */,
			);
			path = Cells;
			sourceTree = "<group>";
		};
		B9D1E4FE26D4DD72000D35D7 = {
			isa = PBXGroup;
			children = (
				B9D1E50926D4DD72000D35D7 /* CountryFlags */,
				B9D1E50826D4DD72000D35D7 /* Products */,
				6F103FB672A0B935D3D73C00 /* Pods */,
				1CBCE88A5C3C2F23E7D31DB7 /* Frameworks */,
			);
			sourceTree = "<group>";
		};
		B9D1E50826D4DD72000D35D7 /* Products */ = {
			isa = PBXGroup;
			children = (
				B9D1E50726D4DD72000D35D7 /* CountryFlags.app */,
			);
			name = Products;
			sourceTree = "<group>";
		};
		B9D1E50926D4DD72000D35D7 /* CountryFlags */ = {
			isa = PBXGroup;
			children = (
				B96ECB7226D4E07F00AD85C5 /* Utils */,
				B96ECB7126D4E07800AD85C5 /* Views */,
				B96ECB7026D4E07100AD85C5 /* Controller */,
				B96ECB6E26D4E06500AD85C5 /* Model */,
				B9D1E50A26D4DD72000D35D7 /* AppDelegate.swift */,
				B9D1E50C26D4DD72000D35D7 /* SceneDelegate.swift */,
				B9D1E51026D4DD72000D35D7 /* Main.storyboard */,
				B9D1E51326D4DD75000D35D7 /* Assets.xcassets */,
				B9D1E51526D4DD75000D35D7 /* LaunchScreen.storyboard */,
				B9D1E51826D4DD75000D35D7 /* Info.plist */,
			);
			path = CountryFlags;
			sourceTree = "<group>";
		};
/* End PBXGroup section */

/* Begin PBXNativeTarget section */
		B9D1E50626D4DD72000D35D7 /* CountryFlags */ = {
			isa = PBXNativeTarget;
			buildConfigurationList = B9D1E51B26D4DD75000D35D7 /* Build configuration list for PBXNativeTarget "CountryFlags" */;
			buildPhases = (
				09C4524428E42252F7001824 /* [CP] Check Pods Manifest.lock */,
				B9D1E50326D4DD72000D35D7 /* Sources */,
				B9D1E50426D4DD72000D35D7 /* Frameworks */,
				B9D1E50526D4DD72000D35D7 /* Resources */,
				A9DEDDF622204A926977686F /* [CP] Embed Pods Frameworks */,
			);
			buildRules = (
			);
			dependencies = (
			);
			name = CountryFlags;
			productName = CountryFlags;
			productReference = B9D1E50726D4DD72000D35D7 /* CountryFlags.app */;
			productType = "com.apple.product-type.application";
		};
/* End PBXNativeTarget section */

/* Begin PBXProject section */
		B9D1E4FF26D4DD72000D35D7 /* Project object */ = {
			isa = PBXProject;
			attributes = {
				LastSwiftUpdateCheck = 1250;
				LastUpgradeCheck = 1250;
				TargetAttributes = {
					B9D1E50626D4DD72000D35D7 = {
						CreatedOnToolsVersion = 12.5.1;
					};
				};
			};
			buildConfigurationList = B9D1E50226D4DD72000D35D7 /* Build configuration list for PBXProject "CountryFlags" */;
			compatibilityVersion = "Xcode 9.3";
			developmentRegion = en;
			hasScannedForEncodings = 0;
			knownRegions = (
				en,
				Base,
			);
			mainGroup = B9D1E4FE26D4DD72000D35D7;
			productRefGroup = B9D1E50826D4DD72000D35D7 /* Products */;
			projectDirPath = "";
			projectRoot = "";
			targets = (
				B9D1E50626D4DD72000D35D7 /* CountryFlags */,
			);
		};
/* End PBXProject section */

/* Begin PBXResourcesBuildPhase section */
		B9D1E50526D4DD72000D35D7 /* Resources */ = {
			isa = PBXResourcesBuildPhase;
			buildActionMask = 2147483647;
			files = (
				B98DCC0626D50DE2007EE79F /* HomeCollectionViewCell.xib in Resources */,
				B9D1E51726D4DD75000D35D7 /* LaunchScreen.storyboard in Resources */,
				B9D1E51426D4DD75000D35D7 /* Assets.xcassets in Resources */,
				B96ECB7F26D4E3BC00AD85C5 /* SearchTableViewCell.xib in Resources */,
				B9D1E51226D4DD72000D35D7 /* Main.storyboard in Resources */,
			);
			runOnlyForDeploymentPostprocessing = 0;
		};
/* End PBXResourcesBuildPhase section */

/* Begin PBXShellScriptBuildPhase section */
		09C4524428E42252F7001824 /* [CP] Check Pods Manifest.lock */ = {
			isa = PBXShellScriptBuildPhase;
			buildActionMask = 2147483647;
			files = (
			);
			inputFileListPaths = (
			);
			inputPaths = (
				"${PODS_PODFILE_DIR_PATH}/Podfile.lock",
				"${PODS_ROOT}/Manifest.lock",
			);
			name = "[CP] Check Pods Manifest.lock";
			outputFileListPaths = (
			);
			outputPaths = (
				"$(DERIVED_FILE_DIR)/Pods-CountryFlags-checkManifestLockResult.txt",
			);
			runOnlyForDeploymentPostprocessing = 0;
			shellPath = /bin/sh;
			shellScript = "diff \"${PODS_PODFILE_DIR_PATH}/Podfile.lock\" \"${PODS_ROOT}/Manifest.lock\" > /dev/null\nif [ $? != 0 ] ; then\n    # print error to STDERR\n    echo \"error: The sandbox is not in sync with the Podfile.lock. Run 'pod install' or update your CocoaPods installation.\" >&2\n    exit 1\nfi\n# This output is used by Xcode 'outputs' to avoid re-running this script phase.\necho \"SUCCESS\" > \"${SCRIPT_OUTPUT_FILE_0}\"\n";
			showEnvVarsInLog = 0;
		};
		A9DEDDF622204A926977686F /* [CP] Embed Pods Frameworks */ = {
			isa = PBXShellScriptBuildPhase;
			buildActionMask = 2147483647;
			files = (
			);
			inputFileListPaths = (
				"${PODS_ROOT}/Target Support Files/Pods-CountryFlags/Pods-CountryFlags-frameworks-${CONFIGURATION}-input-files.xcfilelist",
			);
			name = "[CP] Embed Pods Frameworks";
			outputFileListPaths = (
				"${PODS_ROOT}/Target Support Files/Pods-CountryFlags/Pods-CountryFlags-frameworks-${CONFIGURATION}-output-files.xcfilelist",
			);
			runOnlyForDeploymentPostprocessing = 0;
			shellPath = /bin/sh;
			shellScript = "\"${PODS_ROOT}/Target Support Files/Pods-CountryFlags/Pods-CountryFlags-frameworks.sh\"\n";
			showEnvVarsInLog = 0;
		};
/* End PBXShellScriptBuildPhase section */

/* Begin PBXSourcesBuildPhase section */
		B9D1E50326D4DD72000D35D7 /* Sources */ = {
			isa = PBXSourcesBuildPhase;
			buildActionMask = 2147483647;
			files = (
				B96ECB8126D4FFB000AD85C5 /* DetailViewController.swift in Sources */,
				B96ECB7A26D4E23900AD85C5 /* Constant.swift in Sources */,
				B9D1E50F26D4DD72000D35D7 /* SearchViewController.swift in Sources */,
				B96ECB7E26D4E3BC00AD85C5 /* SearchTableViewCell.swift in Sources */,
				B9D1E50B26D4DD72000D35D7 /* AppDelegate.swift in Sources */,
				B98DCC0226D50D85007EE79F /* HomeViewController.swift in Sources */,
				B98DCC0526D50DE2007EE79F /* HomeCollectionViewCell.swift in Sources */,
				B96ECB7426D4E1D000AD85C5 /* FavoriteViewController.swift in Sources */,
				B96ECB7626D4E20900AD85C5 /* Country.swift in Sources */,
				B9D1E50D26D4DD72000D35D7 /* SceneDelegate.swift in Sources */,
				B96ECB7826D4E22200AD85C5 /* Service.swift in Sources */,
			);
			runOnlyForDeploymentPostprocessing = 0;
		};
/* End PBXSourcesBuildPhase section */

/* Begin PBXVariantGroup section */
		B9D1E51026D4DD72000D35D7 /* Main.storyboard */ = {
			isa = PBXVariantGroup;
			children = (
				B9D1E51126D4DD72000D35D7 /* Base */,
			);
			name = Main.storyboard;
			sourceTree = "<group>";
		};
		B9D1E51526D4DD75000D35D7 /* LaunchScreen.storyboard */ = {
			isa = PBXVariantGroup;
			children = (
				B9D1E51626D4DD75000D35D7 /* Base */,
			);
			name = LaunchScreen.storyboard;
			sourceTree = "<group>";
		};
/* End PBXVariantGroup section */

/* Begin XCBuildConfiguration section */
		B9D1E51926D4DD75000D35D7 /* Debug */ = {
			isa = XCBuildConfiguration;
			buildSettings = {
				ALWAYS_SEARCH_USER_PATHS = NO;
				CLANG_ANALYZER_NONNULL = YES;
				CLANG_ANALYZER_NUMBER_OBJECT_CONVERSION = YES_AGGRESSIVE;
				CLANG_CXX_LANGUAGE_STANDARD = "gnu++14";
				CLANG_CXX_LIBRARY = "libc++";
				CLANG_ENABLE_MODULES = YES;
				CLANG_ENABLE_OBJC_ARC = YES;
				CLANG_ENABLE_OBJC_WEAK = YES;
				CLANG_WARN_BLOCK_CAPTURE_AUTORELEASING = YES;
				CLANG_WARN_BOOL_CONVERSION = YES;
				CLANG_WARN_COMMA = YES;
				CLANG_WARN_CONSTANT_CONVERSION = YES;
				CLANG_WARN_DEPRECATED_OBJC_IMPLEMENTATIONS = YES;
				CLANG_WARN_DIRECT_OBJC_ISA_USAGE = YES_ERROR;
				CLANG_WARN_DOCUMENTATION_COMMENTS = YES;
				CLANG_WARN_EMPTY_BODY = YES;
				CLANG_WARN_ENUM_CONVERSION = YES;
				CLANG_WARN_INFINITE_RECURSION = YES;
				CLANG_WARN_INT_CONVERSION = YES;
				CLANG_WARN_NON_LITERAL_NULL_CONVERSION = YES;
				CLANG_WARN_OBJC_IMPLICIT_RETAIN_SELF = YES;
				CLANG_WARN_OBJC_LITERAL_CONVERSION = YES;
				CLANG_WARN_OBJC_ROOT_CLASS = YES_ERROR;
				CLANG_WARN_QUOTED_INCLUDE_IN_FRAMEWORK_HEADER = YES;
				CLANG_WARN_RANGE_LOOP_ANALYSIS = YES;
				CLANG_WARN_STRICT_PROTOTYPES = YES;
				CLANG_WARN_SUSPICIOUS_MOVE = YES;
				CLANG_WARN_UNGUARDED_AVAILABILITY = YES_AGGRESSIVE;
				CLANG_WARN_UNREACHABLE_CODE = YES;
				CLANG_WARN__DUPLICATE_METHOD_MATCH = YES;
				COPY_PHASE_STRIP = NO;
				DEBUG_INFORMATION_FORMAT = dwarf;
				ENABLE_STRICT_OBJC_MSGSEND = YES;
				ENABLE_TESTABILITY = YES;
				GCC_C_LANGUAGE_STANDARD = gnu11;
				GCC_DYNAMIC_NO_PIC = NO;
				GCC_NO_COMMON_BLOCKS = YES;
				GCC_OPTIMIZATION_LEVEL = 0;
				GCC_PREPROCESSOR_DEFINITIONS = (
					"DEBUG=1",
					"$(inherited)",
				);
				GCC_WARN_64_TO_32_BIT_CONVERSION = YES;
				GCC_WARN_ABOUT_RETURN_TYPE = YES_ERROR;
				GCC_WARN_UNDECLARED_SELECTOR = YES;
				GCC_WARN_UNINITIALIZED_AUTOS = YES_AGGRESSIVE;
				GCC_WARN_UNUSED_FUNCTION = YES;
				GCC_WARN_UNUSED_VARIABLE = YES;
				IPHONEOS_DEPLOYMENT_TARGET = 14.5;
				MTL_ENABLE_DEBUG_INFO = INCLUDE_SOURCE;
				MTL_FAST_MATH = YES;
				ONLY_ACTIVE_ARCH = YES;
				SDKROOT = iphoneos;
				SWIFT_ACTIVE_COMPILATION_CONDITIONS = DEBUG;
				SWIFT_OPTIMIZATION_LEVEL = "-Onone";
			};
			name = Debug;
		};
		B9D1E51A26D4DD75000D35D7 /* Release */ = {
			isa = XCBuildConfiguration;
			buildSettings = {
				ALWAYS_SEARCH_USER_PATHS = NO;
				CLANG_ANALYZER_NONNULL = YES;
				CLANG_ANALYZER_NUMBER_OBJECT_CONVERSION = YES_AGGRESSIVE;
				CLANG_CXX_LANGUAGE_STANDARD = "gnu++14";
				CLANG_CXX_LIBRARY = "libc++";
				CLANG_ENABLE_MODULES = YES;
				CLANG_ENABLE_OBJC_ARC = YES;
				CLANG_ENABLE_OBJC_WEAK = YES;
				CLANG_WARN_BLOCK_CAPTURE_AUTORELEASING = YES;
				CLANG_WARN_BOOL_CONVERSION = YES;
				CLANG_WARN_COMMA = YES;
				CLANG_WARN_CONSTANT_CONVERSION = YES;
				CLANG_WARN_DEPRECATED_OBJC_IMPLEMENTATIONS = YES;
				CLANG_WARN_DIRECT_OBJC_ISA_USAGE = YES_ERROR;
				CLANG_WARN_DOCUMENTATION_COMMENTS = YES;
				CLANG_WARN_EMPTY_BODY = YES;
				CLANG_WARN_ENUM_CONVERSION = YES;
				CLANG_WARN_INFINITE_RECURSION = YES;
				CLANG_WARN_INT_CONVERSION = YES;
				CLANG_WARN_NON_LITERAL_NULL_CONVERSION = YES;
				CLANG_WARN_OBJC_IMPLICIT_RETAIN_SELF = YES;
				CLANG_WARN_OBJC_LITERAL_CONVERSION = YES;
				CLANG_WARN_OBJC_ROOT_CLASS = YES_ERROR;
				CLANG_WARN_QUOTED_INCLUDE_IN_FRAMEWORK_HEADER = YES;
				CLANG_WARN_RANGE_LOOP_ANALYSIS = YES;
				CLANG_WARN_STRICT_PROTOTYPES = YES;
				CLANG_WARN_SUSPICIOUS_MOVE = YES;
				CLANG_WARN_UNGUARDED_AVAILABILITY = YES_AGGRESSIVE;
				CLANG_WARN_UNREACHABLE_CODE = YES;
				CLANG_WARN__DUPLICATE_METHOD_MATCH = YES;
				COPY_PHASE_STRIP = NO;
				DEBUG_INFORMATION_FORMAT = "dwarf-with-dsym";
				ENABLE_NS_ASSERTIONS = NO;
				ENABLE_STRICT_OBJC_MSGSEND = YES;
				GCC_C_LANGUAGE_STANDARD = gnu11;
				GCC_NO_COMMON_BLOCKS = YES;
				GCC_WARN_64_TO_32_BIT_CONVERSION = YES;
				GCC_WARN_ABOUT_RETURN_TYPE = YES_ERROR;
				GCC_WARN_UNDECLARED_SELECTOR = YES;
				GCC_WARN_UNINITIALIZED_AUTOS = YES_AGGRESSIVE;
				GCC_WARN_UNUSED_FUNCTION = YES;
				GCC_WARN_UNUSED_VARIABLE = YES;
				IPHONEOS_DEPLOYMENT_TARGET = 14.5;
				MTL_ENABLE_DEBUG_INFO = NO;
				MTL_FAST_MATH = YES;
				SDKROOT = iphoneos;
				SWIFT_COMPILATION_MODE = wholemodule;
				SWIFT_OPTIMIZATION_LEVEL = "-O";
				VALIDATE_PRODUCT = YES;
			};
			name = Release;
		};
		B9D1E51C26D4DD75000D35D7 /* Debug */ = {
			isa = XCBuildConfiguration;
			baseConfigurationReference = 4D8D1E4DBCCA0A14F86547ED /* Pods-CountryFlags.debug.xcconfig */;
			buildSettings = {
				ASSETCATALOG_COMPILER_APPICON_NAME = AppIcon;
				ASSETCATALOG_COMPILER_GLOBAL_ACCENT_COLOR_NAME = AccentColor;
				CODE_SIGN_STYLE = Automatic;
				DEVELOPMENT_TEAM = QJS4FJ5R3Z;
				INFOPLIST_FILE = CountryFlags/Info.plist;
				LD_RUNPATH_SEARCH_PATHS = (
					"$(inherited)",
					"@executable_path/Frameworks",
				);
				PRODUCT_BUNDLE_IDENTIFIER = com.Onur.CountryFlags;
				PRODUCT_NAME = "$(TARGET_NAME)";
				SWIFT_VERSION = 5.0;
				TARGETED_DEVICE_FAMILY = "1,2";
			};
			name = Debug;
		};
		B9D1E51D26D4DD75000D35D7 /* Release */ = {
			isa = XCBuildConfiguration;
			baseConfigurationReference = 2BEE0E831488BF2EB3839680 /* Pods-CountryFlags.release.xcconfig */;
			buildSettings = {
				ASSETCATALOG_COMPILER_APPICON_NAME = AppIcon;
				ASSETCATALOG_COMPILER_GLOBAL_ACCENT_COLOR_NAME = AccentColor;
				CODE_SIGN_STYLE = Automatic;
				DEVELOPMENT_TEAM = QJS4FJ5R3Z;
				INFOPLIST_FILE = CountryFlags/Info.plist;
				LD_RUNPATH_SEARCH_PATHS = (
					"$(inherited)",
					"@executable_path/Frameworks",
				);
				PRODUCT_BUNDLE_IDENTIFIER = com.Onur.CountryFlags;
				PRODUCT_NAME = "$(TARGET_NAME)";
				SWIFT_VERSION = 5.0;
				TARGETED_DEVICE_FAMILY = "1,2";
			};
			name = Release;
		};
/* End XCBuildConfiguration section */

/* Begin XCConfigurationList section */
		B9D1E50226D4DD72000D35D7 /* Build configuration list for PBXProject "CountryFlags" */ = {
			isa = XCConfigurationList;
			buildConfigurations = (
				B9D1E51926D4DD75000D35D7 /* Debug */,
				B9D1E51A26D4DD75000D35D7 /* Release */,
			);
			defaultConfigurationIsVisible = 0;
			defaultConfigurationName = Release;
		};
		B9D1E51B26D4DD75000D35D7 /* Build configuration list for PBXNativeTarget "CountryFlags" */ = {
			isa = XCConfigurationList;
			buildConfigurations = (
				B9D1E51C26D4DD75000D35D7 /* Debug */,
				B9D1E51D26D4DD75000D35D7 /* Release */,
			);
			defaultConfigurationIsVisible = 0;
			defaultConfigurationName = Release;
		};
/* End XCConfigurationList section */
	};
	rootObject = B9D1E4FF26D4DD72000D35D7 /* Project object */;
}
